
Microsoft Visual Studio Solution File, Format Version 12.00
# Visual Studio Version 17
VisualStudioVersion = 17.0.31903.59
MinimumVisualStudioVersion = 10.0.40219.1
Project("{2150E333-8FDC-42A3-9474-1A3956D46DE8}") = "src", "src", "{827E0CD3-B72D-47B6-A68D-7590B98EB39B}"
EndProject
Project("{FAE04EC0-301F-11D3-BF4B-00C04F79EFBC}") = "BlazorIntNoneDemo", "src\BlazorIntNoneDemo\BlazorIntNoneDemo.csproj", "{A5C2394A-2404-4B75-8FD7-DAAE6E58684C}"
EndProject
Project("{FAE04EC0-301F-11D3-BF4B-00C04F79EFBC}") = "BlazorIntServerDemo", "src\BlazorIntServerDemo\BlazorIntServerDemo.csproj", "{1A51F196-CE1F-4309-B00B-01BB14E5C5FF}"
EndProject
Project("{FAE04EC0-301F-11D3-BF4B-00C04F79EFBC}") = "BlazorIntAutoDemo", "src\BlazorIntAutoDemo\BlazorIntAutoDemo\BlazorIntAutoDemo.csproj", "{9B980AF2-83B6-4E4E-81B0-F4966EAAC058}"
EndProject
Project("{FAE04EC0-301F-11D3-BF4B-00C04F79EFBC}") = "BlazorIntAutoDemo.Client", "src\BlazorIntAutoDemo\BlazorIntAutoDemo.Client\BlazorIntAutoDemo.Client.csproj", "{2A416AB9-A31B-4926-9094-AB5ABEA65863}"
EndProject
Project("{FAE04EC0-301F-11D3-BF4B-00C04F79EFBC}") = "BlazorIntWebAssemblyDemo", "src\BlazorIntWebAssemblyDemo\BlazorIntWebAssemblyDemo\BlazorIntWebAssemblyDemo.csproj", "{B6BFE248-D06A-4848-9C14-848696D2EEE4}"
EndProject
Project("{FAE04EC0-301F-11D3-BF4B-00C04F79EFBC}") = "BlazorIntWebAssemblyDemo.Client", "src\BlazorIntWebAssemblyDemo\BlazorIntWebAssemblyDemo.Client\BlazorIntWebAssemblyDemo.Client.csproj", "{3B67AEB5-9131-47CC-94B4-9282C1DCAFB8}"
EndProject
Global
	GlobalSection(SolutionConfigurationPlatforms) = preSolution
		Debug|Any CPU = Debug|Any CPU
		Debug|x64 = Debug|x64
		Debug|x86 = Debug|x86
		Release|Any CPU = Release|Any CPU
		Release|x64 = Release|x64
		Release|x86 = Release|x86
	EndGlobalSection
	GlobalSection(ProjectConfigurationPlatforms) = postSolution
		{A5C2394A-2404-4B75-8FD7-DAAE6E58684C}.Debug|Any CPU.ActiveCfg = Debug|Any CPU
		{A5C2394A-2404-4B75-8FD7-DAAE6E58684C}.Debug|Any CPU.Build.0 = Debug|Any CPU
		{A5C2394A-2404-4B75-8FD7-DAAE6E58684C}.Debug|x64.ActiveCfg = Debug|Any CPU
		{A5C2394A-2404-4B75-8FD7-DAAE6E58684C}.Debug|x64.Build.0 = Debug|Any CPU
		{A5C2394A-2404-4B75-8FD7-DAAE6E58684C}.Debug|x86.ActiveCfg = Debug|Any CPU
		{A5C2394A-2404-4B75-8FD7-DAAE6E58684C}.Debug|x86.Build.0 = Debug|Any CPU
		{A5C2394A-2404-4B75-8FD7-DAAE6E58684C}.Release|Any CPU.ActiveCfg = Release|Any CPU
		{A5C2394A-2404-4B75-8FD7-DAAE6E58684C}.Release|Any CPU.Build.0 = Release|Any CPU
		{A5C2394A-2404-4B75-8FD7-DAAE6E58684C}.Release|x64.ActiveCfg = Release|Any CPU
		{A5C2394A-2404-4B75-8FD7-DAAE6E58684C}.Release|x64.Build.0 = Release|Any CPU
		{A5C2394A-2404-4B75-8FD7-DAAE6E58684C}.Release|x86.ActiveCfg = Release|Any CPU
		{A5C2394A-2404-4B75-8FD7-DAAE6E58684C}.Release|x86.Build.0 = Release|Any CPU
		{1A51F196-CE1F-4309-B00B-01BB14E5C5FF}.Debug|Any CPU.ActiveCfg = Debug|Any CPU
		{1A51F196-CE1F-4309-B00B-01BB14E5C5FF}.Debug|Any CPU.Build.0 = Debug|Any CPU
		{1A51F196-CE1F-4309-B00B-01BB14E5C5FF}.Debug|x64.ActiveCfg = Debug|Any CPU
		{1A51F196-CE1F-4309-B00B-01BB14E5C5FF}.Debug|x64.Build.0 = Debug|Any CPU
		{1A51F196-CE1F-4309-B00B-01BB14E5C5FF}.Debug|x86.ActiveCfg = Debug|Any CPU
		{1A51F196-CE1F-4309-B00B-01BB14E5C5FF}.Debug|x86.Build.0 = Debug|Any CPU
		{1A51F196-CE1F-4309-B00B-01BB14E5C5FF}.Release|Any CPU.ActiveCfg = Release|Any CPU
		{1A51F196-CE1F-4309-B00B-01BB14E5C5FF}.Release|Any CPU.Build.0 = Release|Any CPU
		{1A51F196-CE1F-4309-B00B-01BB14E5C5FF}.Release|x64.ActiveCfg = Release|Any CPU
		{1A51F196-CE1F-4309-B00B-01BB14E5C5FF}.Release|x64.Build.0 = Release|Any CPU
		{1A51F196-CE1F-4309-B00B-01BB14E5C5FF}.Release|x86.ActiveCfg = Release|Any CPU
		{1A51F196-CE1F-4309-B00B-01BB14E5C5FF}.Release|x86.Build.0 = Release|Any CPU
		{9B980AF2-83B6-4E4E-81B0-F4966EAAC058}.Debug|Any CPU.ActiveCfg = Debug|Any CPU
		{9B980AF2-83B6-4E4E-81B0-F4966EAAC058}.Debug|Any CPU.Build.0 = Debug|Any CPU
		{9B980AF2-83B6-4E4E-81B0-F4966EAAC058}.Debug|x64.ActiveCfg = Debug|Any CPU
		{9B980AF2-83B6-4E4E-81B0-F4966EAAC058}.Debug|x64.Build.0 = Debug|Any CPU
		{9B980AF2-83B6-4E4E-81B0-F4966EAAC058}.Debug|x86.ActiveCfg = Debug|Any CPU
		{9B980AF2-83B6-4E4E-81B0-F4966EAAC058}.Debug|x86.Build.0 = Debug|Any CPU
		{9B980AF2-83B6-4E4E-81B0-F4966EAAC058}.Release|Any CPU.ActiveCfg = Release|Any CPU
		{9B980AF2-83B6-4E4E-81B0-F4966EAAC058}.Release|Any CPU.Build.0 = Release|Any CPU
		{9B980AF2-83B6-4E4E-81B0-F4966EAAC058}.Release|x64.ActiveCfg = Release|Any CPU
		{9B980AF2-83B6-4E4E-81B0-F4966EAAC058}.Release|x64.Build.0 = Release|Any CPU
		{9B980AF2-83B6-4E4E-81B0-F4966EAAC058}.Release|x86.ActiveCfg = Release|Any CPU
		{9B980AF2-83B6-4E4E-81B0-F4966EAAC058}.Release|x86.Build.0 = Release|Any CPU
		{2A416AB9-A31B-4926-9094-AB5ABEA65863}.Debug|Any CPU.ActiveCfg = Debug|Any CPU
		{2A416AB9-A31B-4926-9094-AB5ABEA65863}.Debug|Any CPU.Build.0 = Debug|Any CPU
		{2A416AB9-A31B-4926-9094-AB5ABEA65863}.Debug|x64.ActiveCfg = Debug|Any CPU
		{2A416AB9-A31B-4926-9094-AB5ABEA65863}.Debug|x64.Build.0 = Debug|Any CPU
		{2A416AB9-A31B-4926-9094-AB5ABEA65863}.Debug|x86.ActiveCfg = Debug|Any CPU
		{2A416AB9-A31B-4926-9094-AB5ABEA65863}.Debug|x86.Build.0 = Debug|Any CPU
		{2A416AB9-A31B-4926-9094-AB5ABEA65863}.Release|Any CPU.ActiveCfg = Release|Any CPU
		{2A416AB9-A31B-4926-9094-AB5ABEA65863}.Release|Any CPU.Build.0 = Release|Any CPU
		{2A416AB9-A31B-4926-9094-AB5ABEA65863}.Release|x64.ActiveCfg = Release|Any CPU
		{2A416AB9-A31B-4926-9094-AB5ABEA65863}.Release|x64.Build.0 = Release|Any CPU
		{2A416AB9-A31B-4926-9094-AB5ABEA65863}.Release|x86.ActiveCfg = Release|Any CPU
		{2A416AB9-A31B-4926-9094-AB5ABEA65863}.Release|x86.Build.0 = Release|Any CPU
		{B6BFE248-D06A-4848-9C14-848696D2EEE4}.Debug|Any CPU.ActiveCfg = Debug|Any CPU
		{B6BFE248-D06A-4848-9C14-848696D2EEE4}.Debug|Any CPU.Build.0 = Debug|Any CPU
		{B6BFE248-D06A-4848-9C14-848696D2EEE4}.Debug|x64.ActiveCfg = Debug|Any CPU
		{B6BFE248-D06A-4848-9C14-848696D2EEE4}.Debug|x64.Build.0 = Debug|Any CPU
		{B6BFE248-D06A-4848-9C14-848696D2EEE4}.Debug|x86.ActiveCfg = Debug|Any CPU
		{B6BFE248-D06A-4848-9C14-848696D2EEE4}.Debug|x86.Build.0 = Debug|Any CPU
		{B6BFE248-D06A-4848-9C14-848696D2EEE4}.Release|Any CPU.ActiveCfg = Release|Any CPU
		{B6BFE248-D06A-4848-9C14-848696D2EEE4}.Release|Any CPU.Build.0 = Release|Any CPU
		{B6BFE248-D06A-4848-9C14-848696D2EEE4}.Release|x64.ActiveCfg = Release|Any CPU
		{B6BFE248-D06A-4848-9C14-848696D2EEE4}.Release|x64.Build.0 = Release|Any CPU
		{B6BFE248-D06A-4848-9C14-848696D2EEE4}.Release|x86.ActiveCfg = Release|Any CPU
		{B6BFE248-D06A-4848-9C14-848696D2EEE4}.Release|x86.Build.0 = Release|Any CPU
		{3B67AEB5-9131-47CC-94B4-9282C1DCAFB8}.Debug|Any CPU.ActiveCfg = Debug|Any CPU
		{3B67AEB5-9131-47CC-94B4-9282C1DCAFB8}.Debug|Any CPU.Build.0 = Debug|Any CPU
		{3B67AEB5-9131-47CC-94B4-9282C1DCAFB8}.Debug|x64.ActiveCfg = Debug|Any CPU
		{3B67AEB5-9131-47CC-94B4-9282C1DCAFB8}.Debug|x64.Build.0 = Debug|Any CPU
		{3B67AEB5-9131-47CC-94B4-9282C1DCAFB8}.Debug|x86.ActiveCfg = Debug|Any CPU
		{3B67AEB5-9131-47CC-94B4-9282C1DCAFB8}.Debug|x86.Build.0 = Debug|Any CPU
		{3B67AEB5-9131-47CC-94B4-9282C1DCAFB8}.Release|Any CPU.ActiveCfg = Release|Any CPU
		{3B67AEB5-9131-47CC-94B4-9282C1DCAFB8}.Release|Any CPU.Build.0 = Release|Any CPU
		{3B67AEB5-9131-47CC-94B4-9282C1DCAFB8}.Release|x64.ActiveCfg = Release|Any CPU
		{3B67AEB5-9131-47CC-94B4-9282C1DCAFB8}.Release|x64.Build.0 = Release|Any CPU
		{3B67AEB5-9131-47CC-94B4-9282C1DCAFB8}.Release|x86.ActiveCfg = Release|Any CPU
		{3B67AEB5-9131-47CC-94B4-9282C1DCAFB8}.Release|x86.Build.0 = Release|Any CPU
	EndGlobalSection
	GlobalSection(SolutionProperties) = preSolution
		HideSolutionNode = FALSE
	EndGlobalSection
	GlobalSection(NestedProjects) = preSolution
		{A5C2394A-2404-4B75-8FD7-DAAE6E58684C} = {827E0CD3-B72D-47B6-A68D-7590B98EB39B}
		{1A51F196-CE1F-4309-B00B-01BB14E5C5FF} = {827E0CD3-B72D-47B6-A68D-7590B98EB39B}
	EndGlobalSection
EndGlobal
